
Microsoft Visual Studio Solution File, Format Version 12.00
# Visual Studio Version 17
VisualStudioVersion = 17.11.35303.130
MinimumVisualStudioVersion = 10.0.40219.1
Project("{2150E333-8FDC-42A3-9474-1A3956D46DE8}") = "Task0", "Task0", "{545F4A82-3695-4923-BEF2-3D68F988BAF2}"
EndProject
Project("{9A19103F-16F7-4668-BE54-9A1E7A4F7556}") = "Tyuiu.PopovaAA.Sprint4.Task0.V19", "Tyuiu.PopovaAA.Sprint4.Task0.V19\Tyuiu.PopovaAA.Sprint4.Task0.V19.csproj", "{E44C5AEE-DFC6-4C03-A480-E93102855CA5}"
EndProject
Project("{9A19103F-16F7-4668-BE54-9A1E7A4F7556}") = "Tyuiu.PopovaAA.Sprint4.Task0.V19.Lib", "Tyuiu.PopovaAA.Sprint4.Task0.V19.Lib\Tyuiu.PopovaAA.Sprint4.Task0.V19.Lib.csproj", "{5589D659-1EEF-421E-AFC9-09D449AD0407}"
EndProject
Project("{9A19103F-16F7-4668-BE54-9A1E7A4F7556}") = "Tyuiu.PopovaAA.Sprint4.Task0.V19.Test", "Tyuiu.PopovaAA.Sprint4.Task0.V19.Test\Tyuiu.PopovaAA.Sprint4.Task0.V19.Test.csproj", "{1029A455-5441-45E2-A5F6-772B51059AEE}"
EndProject
Project("{2150E333-8FDC-42A3-9474-1A3956D46DE8}") = "Task1", "Task1", "{06FD25FB-6339-4CD5-8067-94FC5106F5ED}"
EndProject
Project("{9A19103F-16F7-4668-BE54-9A1E7A4F7556}") = "Tyuiu.PopovaAA.Sprint4.Task1.V21", "Tyuiu.PopovaAA.Sprint4.Task1.V21\Tyuiu.PopovaAA.Sprint4.Task1.V21.csproj", "{2B3C34B7-513F-4A2A-B23C-1119942A6C9D}"
EndProject
Project("{9A19103F-16F7-4668-BE54-9A1E7A4F7556}") = "Tyuiu.PopovaAA.Sprint4.Task1.V21.Lib", "Tyuiu.PopovaAA.Sprint4.Task1.V21.Lib\Tyuiu.PopovaAA.Sprint4.Task1.V21.Lib.csproj", "{A76CF38D-210D-45D4-B546-66948EBE8ACA}"
EndProject
Project("{9A19103F-16F7-4668-BE54-9A1E7A4F7556}") = "Tyuiu.PopovaAA.Sprint4.Task1.V21.Test", "Tyuiu.PopovaAA.Sprint4.Task1.V21.Test\Tyuiu.PopovaAA.Sprint4.Task1.V21.Test.csproj", "{F10E6047-6783-4C7F-876D-2977E3867F02}"
EndProject
Project("{2150E333-8FDC-42A3-9474-1A3956D46DE8}") = "Task2", "Task2", "{423011DD-9D44-4488-ADC3-E98CC8CD1C9B}"
EndProject
Project("{9A19103F-16F7-4668-BE54-9A1E7A4F7556}") = "Tyuiu.PopovaAA.Sprint4.Task2.V14", "Tyuiu.PopovaAA.Sprint4.Task2.V14\Tyuiu.PopovaAA.Sprint4.Task2.V14.csproj", "{0131F061-3D98-45EB-8965-A9CF8ABFCA4F}"
EndProject
Project("{9A19103F-16F7-4668-BE54-9A1E7A4F7556}") = "Tyuiu.PopovaAA.Sprint4.Task2.V14.Lib", "Tyuiu.PopovaAA.Sprint4.Task2.V14.Lib\Tyuiu.PopovaAA.Sprint4.Task2.V14.Lib.csproj", "{52786D22-128F-4C48-BF0A-05272F990B8B}"
EndProject
Project("{9A19103F-16F7-4668-BE54-9A1E7A4F7556}") = "Tyuiu.PopovaAA.Sprint4.Task2.V14.Test", "Tyuiu.PopovaAA.Sprint4.Task2.V14.Test\Tyuiu.PopovaAA.Sprint4.Task2.V14.Test.csproj", "{80F1855E-095E-4D93-B502-7084F19B031E}"
EndProject
Project("{2150E333-8FDC-42A3-9474-1A3956D46DE8}") = "Task3", "Task3", "{DD9D574A-06A9-4126-88D3-A185D8CFD77E}"
EndProject
Project("{9A19103F-16F7-4668-BE54-9A1E7A4F7556}") = "Tyuiu.PopovaAA.Sprint4.Task3.V15", "Tyuiu.PopovaAA.Sprint4.Task3.V15\Tyuiu.PopovaAA.Sprint4.Task3.V15.csproj", "{6784E163-C86E-4E67-ACC8-FA48835F8E76}"
EndProject
Project("{9A19103F-16F7-4668-BE54-9A1E7A4F7556}") = "Tyuiu.PopovaAA.Sprint4.Task3.V15.Lib", "Tyuiu.PopovaAA.Sprint4.Task3.V15.Lib\Tyuiu.PopovaAA.Sprint4.Task3.V15.Lib.csproj", "{D5600C28-EC98-4D17-8DC9-80357020D7CF}"
EndProject
Project("{9A19103F-16F7-4668-BE54-9A1E7A4F7556}") = "Tyuiu.PopovaAA.Sprint4.Task3.V15.Test", "Tyuiu.PopovaAA.Sprint4.Task3.V15.Test\Tyuiu.PopovaAA.Sprint4.Task3.V15.Test.csproj", "{9B7B3F0D-7C68-4C52-A989-65584232D99E}"
EndProject
Project("{2150E333-8FDC-42A3-9474-1A3956D46DE8}") = "Task4", "Task4", "{61460E95-7C25-48E0-8873-3207B2C0BB2F}"
EndProject
Project("{9A19103F-16F7-4668-BE54-9A1E7A4F7556}") = "Tyuiu.PopovaAA.Sprint4.Task4.V11", "Tyuiu.PopovaAA.Sprint4.Task4.V11\Tyuiu.PopovaAA.Sprint4.Task4.V11.csproj", "{32F408EB-C785-420C-AF94-2BB861DB132B}"
EndProject
Project("{9A19103F-16F7-4668-BE54-9A1E7A4F7556}") = "Tyuiu.PopovaAA.Sprint4.Task4.V11.Lib", "Tyuiu.PopovaAA.Sprint4.Task4.V11.Lib\Tyuiu.PopovaAA.Sprint4.Task4.V11.Lib.csproj", "{628DE4F0-CD15-4BDE-871E-006A9ECCF09A}"
EndProject
Project("{9A19103F-16F7-4668-BE54-9A1E7A4F7556}") = "Tyuiu.PopovaAA.Sprint4.Task4.V11.Test", "Tyuiu.PopovaAA.Sprint4.Task4.V11.Test\Tyuiu.PopovaAA.Sprint4.Task4.V11.Test.csproj", "{C37196D8-74A5-4E27-AF69-03DE7F03A73E}"
EndProject
Project("{2150E333-8FDC-42A3-9474-1A3956D46DE8}") = "Task5", "Task5", "{61A36320-3A8F-449A-AAC2-47D64D30278C}"
EndProject
Project("{9A19103F-16F7-4668-BE54-9A1E7A4F7556}") = "Tyuiu.PopovaAA.Sprint4.Task5.V8", "Tyuiu.PopovaAA.Sprint4.Task5.V8\Tyuiu.PopovaAA.Sprint4.Task5.V8.csproj", "{E4FFB80F-8915-4905-8342-431B18127A77}"
EndProject
Project("{9A19103F-16F7-4668-BE54-9A1E7A4F7556}") = "Tyuiu.PopovaAA.Sprint4.Task5.V8.Lib", "Tyuiu.PopovaAA.Sprint4.Task5.V8.Lib\Tyuiu.PopovaAA.Sprint4.Task5.V8.Lib.csproj", "{74A2D0E1-0182-46AA-8677-CCB69528E0AB}"
EndProject
Project("{9A19103F-16F7-4668-BE54-9A1E7A4F7556}") = "Tyuiu.PopovaAA.Sprint4.Task5.V8.Test", "Tyuiu.PopovaAA.Sprint4.Task5.V8.Test\Tyuiu.PopovaAA.Sprint4.Task5.V8.Test.csproj", "{EAB05BCA-698D-4053-B6A8-641CFCB65E26}"
EndProject
Project("{2150E333-8FDC-42A3-9474-1A3956D46DE8}") = "Task6", "Task6", "{F11FF8DD-6603-4296-9146-5C20C7156D8D}"
EndProject
Project("{9A19103F-16F7-4668-BE54-9A1E7A4F7556}") = "Tyuiu.PopovaAA.Sprint4.Task6.V12", "Tyuiu.PopovaAA.Sprint4.Task6.V12\Tyuiu.PopovaAA.Sprint4.Task6.V12.csproj", "{3DE799C0-1F41-4B79-B680-AFCBE9A6A1A8}"
EndProject
Project("{9A19103F-16F7-4668-BE54-9A1E7A4F7556}") = "Tyuiu.PopovaAA.Sprint4.Task6.V12.Lib", "Tyuiu.PopovaAA.Sprint4.Task6.V12.Lib\Tyuiu.PopovaAA.Sprint4.Task6.V12.Lib.csproj", "{EAE4C0EC-205F-49CE-A284-97D54AB5EDCC}"
EndProject
Project("{9A19103F-16F7-4668-BE54-9A1E7A4F7556}") = "Tyuiu.PopovaAA.Sprint4.Task6.V12.Test", "Tyuiu.PopovaAA.Sprint4.Task6.V12.Test\Tyuiu.PopovaAA.Sprint4.Task6.V12.Test.csproj", "{0B716A51-6596-455A-B5F9-53EF8F5C0B8B}"
EndProject
Project("{2150E333-8FDC-42A3-9474-1A3956D46DE8}") = "Task7", "Task7", "{F15952B8-4005-47A3-9AF8-78DEADA4FA0D}"
EndProject
Project("{FAE04EC0-301F-11D3-BF4B-00C04F79EFBC}") = "Tyuiu.PopovaAA.Sprint4.Task7.V24", "Tyuiu.PopovaAA.Sprint4.Task7.V24\Tyuiu.PopovaAA.Sprint4.Task7.V24.csproj", "{53DD7A6F-D7E8-4943-A38C-AFD9B49CE910}"
EndProject
Project("{FAE04EC0-301F-11D3-BF4B-00C04F79EFBC}") = "Tyuiu.PopovaAA.Sprint4.Task7.V24.Lib", "Tyuiu.PopovaAA.Sprint4.Task7.V24.Lib\Tyuiu.PopovaAA.Sprint4.Task7.V24.Lib.csproj", "{A587968A-2EA3-4904-A2F8-B90C81BD23ED}"
EndProject
Project("{FAE04EC0-301F-11D3-BF4B-00C04F79EFBC}") = "Tyuiu.PopovaAA.Sprint4.Task7.V24.Test", "Tyuiu.PopovaAA.Sprint4.Task7.V24.Test\Tyuiu.PopovaAA.Sprint4.Task7.V24.Test.csproj", "{0851B0FE-F2D9-4004-B018-279B19A4EE26}"
EndProject
Global
	GlobalSection(SolutionConfigurationPlatforms) = preSolution
		Debug|Any CPU = Debug|Any CPU
		Release|Any CPU = Release|Any CPU
	EndGlobalSection
	GlobalSection(ProjectConfigurationPlatforms) = postSolution
		{E44C5AEE-DFC6-4C03-A480-E93102855CA5}.Debug|Any CPU.ActiveCfg = Debug|Any CPU
		{E44C5AEE-DFC6-4C03-A480-E93102855CA5}.Debug|Any CPU.Build.0 = Debug|Any CPU
		{E44C5AEE-DFC6-4C03-A480-E93102855CA5}.Release|Any CPU.ActiveCfg = Release|Any CPU
		{E44C5AEE-DFC6-4C03-A480-E93102855CA5}.Release|Any CPU.Build.0 = Release|Any CPU
		{5589D659-1EEF-421E-AFC9-09D449AD0407}.Debug|Any CPU.ActiveCfg = Debug|Any CPU
		{5589D659-1EEF-421E-AFC9-09D449AD0407}.Debug|Any CPU.Build.0 = Debug|Any CPU
		{5589D659-1EEF-421E-AFC9-09D449AD0407}.Release|Any CPU.ActiveCfg = Release|Any CPU
		{5589D659-1EEF-421E-AFC9-09D449AD0407}.Release|Any CPU.Build.0 = Release|Any CPU
		{1029A455-5441-45E2-A5F6-772B51059AEE}.Debug|Any CPU.ActiveCfg = Debug|Any CPU
		{1029A455-5441-45E2-A5F6-772B51059AEE}.Debug|Any CPU.Build.0 = Debug|Any CPU
		{1029A455-5441-45E2-A5F6-772B51059AEE}.Release|Any CPU.ActiveCfg = Release|Any CPU
		{1029A455-5441-45E2-A5F6-772B51059AEE}.Release|Any CPU.Build.0 = Release|Any CPU
		{2B3C34B7-513F-4A2A-B23C-1119942A6C9D}.Debug|Any CPU.ActiveCfg = Debug|Any CPU
		{2B3C34B7-513F-4A2A-B23C-1119942A6C9D}.Debug|Any CPU.Build.0 = Debug|Any CPU
		{2B3C34B7-513F-4A2A-B23C-1119942A6C9D}.Release|Any CPU.ActiveCfg = Release|Any CPU
		{2B3C34B7-513F-4A2A-B23C-1119942A6C9D}.Release|Any CPU.Build.0 = Release|Any CPU
		{A76CF38D-210D-45D4-B546-66948EBE8ACA}.Debug|Any CPU.ActiveCfg = Debug|Any CPU
		{A76CF38D-210D-45D4-B546-66948EBE8ACA}.Debug|Any CPU.Build.0 = Debug|Any CPU
		{A76CF38D-210D-45D4-B546-66948EBE8ACA}.Release|Any CPU.ActiveCfg = Release|Any CPU
		{A76CF38D-210D-45D4-B546-66948EBE8ACA}.Release|Any CPU.Build.0 = Release|Any CPU
		{F10E6047-6783-4C7F-876D-2977E3867F02}.Debug|Any CPU.ActiveCfg = Debug|Any CPU
		{F10E6047-6783-4C7F-876D-2977E3867F02}.Debug|Any CPU.Build.0 = Debug|Any CPU
		{F10E6047-6783-4C7F-876D-2977E3867F02}.Release|Any CPU.ActiveCfg = Release|Any CPU
		{F10E6047-6783-4C7F-876D-2977E3867F02}.Release|Any CPU.Build.0 = Release|Any CPU
		{0131F061-3D98-45EB-8965-A9CF8ABFCA4F}.Debug|Any CPU.ActiveCfg = Debug|Any CPU
		{0131F061-3D98-45EB-8965-A9CF8ABFCA4F}.Debug|Any CPU.Build.0 = Debug|Any CPU
		{0131F061-3D98-45EB-8965-A9CF8ABFCA4F}.Release|Any CPU.ActiveCfg = Release|Any CPU
		{0131F061-3D98-45EB-8965-A9CF8ABFCA4F}.Release|Any CPU.Build.0 = Release|Any CPU
		{52786D22-128F-4C48-BF0A-05272F990B8B}.Debug|Any CPU.ActiveCfg = Debug|Any CPU
		{52786D22-128F-4C48-BF0A-05272F990B8B}.Debug|Any CPU.Build.0 = Debug|Any CPU
		{52786D22-128F-4C48-BF0A-05272F990B8B}.Release|Any CPU.ActiveCfg = Release|Any CPU
		{52786D22-128F-4C48-BF0A-05272F990B8B}.Release|Any CPU.Build.0 = Release|Any CPU
		{80F1855E-095E-4D93-B502-7084F19B031E}.Debug|Any CPU.ActiveCfg = Debug|Any CPU
		{80F1855E-095E-4D93-B502-7084F19B031E}.Debug|Any CPU.Build.0 = Debug|Any CPU
		{80F1855E-095E-4D93-B502-7084F19B031E}.Release|Any CPU.ActiveCfg = Release|Any CPU
		{80F1855E-095E-4D93-B502-7084F19B031E}.Release|Any CPU.Build.0 = Release|Any CPU
		{6784E163-C86E-4E67-ACC8-FA48835F8E76}.Debug|Any CPU.ActiveCfg = Debug|Any CPU
		{6784E163-C86E-4E67-ACC8-FA48835F8E76}.Debug|Any CPU.Build.0 = Debug|Any CPU
		{6784E163-C86E-4E67-ACC8-FA48835F8E76}.Release|Any CPU.ActiveCfg = Release|Any CPU
		{6784E163-C86E-4E67-ACC8-FA48835F8E76}.Release|Any CPU.Build.0 = Release|Any CPU
		{D5600C28-EC98-4D17-8DC9-80357020D7CF}.Debug|Any CPU.ActiveCfg = Debug|Any CPU
		{D5600C28-EC98-4D17-8DC9-80357020D7CF}.Debug|Any CPU.Build.0 = Debug|Any CPU
		{D5600C28-EC98-4D17-8DC9-80357020D7CF}.Release|Any CPU.ActiveCfg = Release|Any CPU
		{D5600C28-EC98-4D17-8DC9-80357020D7CF}.Release|Any CPU.Build.0 = Release|Any CPU
		{9B7B3F0D-7C68-4C52-A989-65584232D99E}.Debug|Any CPU.ActiveCfg = Debug|Any CPU
		{9B7B3F0D-7C68-4C52-A989-65584232D99E}.Debug|Any CPU.Build.0 = Debug|Any CPU
		{9B7B3F0D-7C68-4C52-A989-65584232D99E}.Release|Any CPU.ActiveCfg = Release|Any CPU
		{9B7B3F0D-7C68-4C52-A989-65584232D99E}.Release|Any CPU.Build.0 = Release|Any CPU
		{32F408EB-C785-420C-AF94-2BB861DB132B}.Debug|Any CPU.ActiveCfg = Debug|Any CPU
		{32F408EB-C785-420C-AF94-2BB861DB132B}.Debug|Any CPU.Build.0 = Debug|Any CPU
		{32F408EB-C785-420C-AF94-2BB861DB132B}.Release|Any CPU.ActiveCfg = Release|Any CPU
		{32F408EB-C785-420C-AF94-2BB861DB132B}.Release|Any CPU.Build.0 = Release|Any CPU
		{628DE4F0-CD15-4BDE-871E-006A9ECCF09A}.Debug|Any CPU.ActiveCfg = Debug|Any CPU
		{628DE4F0-CD15-4BDE-871E-006A9ECCF09A}.Debug|Any CPU.Build.0 = Debug|Any CPU
		{628DE4F0-CD15-4BDE-871E-006A9ECCF09A}.Release|Any CPU.ActiveCfg = Release|Any CPU
		{628DE4F0-CD15-4BDE-871E-006A9ECCF09A}.Release|Any CPU.Build.0 = Release|Any CPU
		{C37196D8-74A5-4E27-AF69-03DE7F03A73E}.Debug|Any CPU.ActiveCfg = Debug|Any CPU
		{C37196D8-74A5-4E27-AF69-03DE7F03A73E}.Debug|Any CPU.Build.0 = Debug|Any CPU
		{C37196D8-74A5-4E27-AF69-03DE7F03A73E}.Release|Any CPU.ActiveCfg = Release|Any CPU
		{C37196D8-74A5-4E27-AF69-03DE7F03A73E}.Release|Any CPU.Build.0 = Release|Any CPU
		{E4FFB80F-8915-4905-8342-431B18127A77}.Debug|Any CPU.ActiveCfg = Debug|Any CPU
		{E4FFB80F-8915-4905-8342-431B18127A77}.Debug|Any CPU.Build.0 = Debug|Any CPU
		{E4FFB80F-8915-4905-8342-431B18127A77}.Release|Any CPU.ActiveCfg = Release|Any CPU
		{E4FFB80F-8915-4905-8342-431B18127A77}.Release|Any CPU.Build.0 = Release|Any CPU
		{74A2D0E1-0182-46AA-8677-CCB69528E0AB}.Debug|Any CPU.ActiveCfg = Debug|Any CPU
		{74A2D0E1-0182-46AA-8677-CCB69528E0AB}.Debug|Any CPU.Build.0 = Debug|Any CPU
		{74A2D0E1-0182-46AA-8677-CCB69528E0AB}.Release|Any CPU.ActiveCfg = Release|Any CPU
		{74A2D0E1-0182-46AA-8677-CCB69528E0AB}.Release|Any CPU.Build.0 = Release|Any CPU
		{EAB05BCA-698D-4053-B6A8-641CFCB65E26}.Debug|Any CPU.ActiveCfg = Debug|Any CPU
		{EAB05BCA-698D-4053-B6A8-641CFCB65E26}.Debug|Any CPU.Build.0 = Debug|Any CPU
		{EAB05BCA-698D-4053-B6A8-641CFCB65E26}.Release|Any CPU.ActiveCfg = Release|Any CPU
		{EAB05BCA-698D-4053-B6A8-641CFCB65E26}.Release|Any CPU.Build.0 = Release|Any CPU
		{3DE799C0-1F41-4B79-B680-AFCBE9A6A1A8}.Debug|Any CPU.ActiveCfg = Debug|Any CPU
		{3DE799C0-1F41-4B79-B680-AFCBE9A6A1A8}.Debug|Any CPU.Build.0 = Debug|Any CPU
		{3DE799C0-1F41-4B79-B680-AFCBE9A6A1A8}.Release|Any CPU.ActiveCfg = Release|Any CPU
		{3DE799C0-1F41-4B79-B680-AFCBE9A6A1A8}.Release|Any CPU.Build.0 = Release|Any CPU
		{EAE4C0EC-205F-49CE-A284-97D54AB5EDCC}.Debug|Any CPU.ActiveCfg = Debug|Any CPU
		{EAE4C0EC-205F-49CE-A284-97D54AB5EDCC}.Debug|Any CPU.Build.0 = Debug|Any CPU
		{EAE4C0EC-205F-49CE-A284-97D54AB5EDCC}.Release|Any CPU.ActiveCfg = Release|Any CPU
		{EAE4C0EC-205F-49CE-A284-97D54AB5EDCC}.Release|Any CPU.Build.0 = Release|Any CPU
		{0B716A51-6596-455A-B5F9-53EF8F5C0B8B}.Debug|Any CPU.ActiveCfg = Debug|Any CPU
		{0B716A51-6596-455A-B5F9-53EF8F5C0B8B}.Debug|Any CPU.Build.0 = Debug|Any CPU
		{0B716A51-6596-455A-B5F9-53EF8F5C0B8B}.Release|Any CPU.ActiveCfg = Release|Any CPU
		{0B716A51-6596-455A-B5F9-53EF8F5C0B8B}.Release|Any CPU.Build.0 = Release|Any CPU
		{53DD7A6F-D7E8-4943-A38C-AFD9B49CE910}.Debug|Any CPU.ActiveCfg = Debug|Any CPU
		{53DD7A6F-D7E8-4943-A38C-AFD9B49CE910}.Debug|Any CPU.Build.0 = Debug|Any CPU
		{53DD7A6F-D7E8-4943-A38C-AFD9B49CE910}.Release|Any CPU.ActiveCfg = Release|Any CPU
		{53DD7A6F-D7E8-4943-A38C-AFD9B49CE910}.Release|Any CPU.Build.0 = Release|Any CPU
		{A587968A-2EA3-4904-A2F8-B90C81BD23ED}.Debug|Any CPU.ActiveCfg = Debug|Any CPU
		{A587968A-2EA3-4904-A2F8-B90C81BD23ED}.Debug|Any CPU.Build.0 = Debug|Any CPU
		{A587968A-2EA3-4904-A2F8-B90C81BD23ED}.Release|Any CPU.ActiveCfg = Release|Any CPU
		{A587968A-2EA3-4904-A2F8-B90C81BD23ED}.Release|Any CPU.Build.0 = Release|Any CPU
		{0851B0FE-F2D9-4004-B018-279B19A4EE26}.Debug|Any CPU.ActiveCfg = Debug|Any CPU
		{0851B0FE-F2D9-4004-B018-279B19A4EE26}.Debug|Any CPU.Build.0 = Debug|Any CPU
		{0851B0FE-F2D9-4004-B018-279B19A4EE26}.Release|Any CPU.ActiveCfg = Release|Any CPU
		{0851B0FE-F2D9-4004-B018-279B19A4EE26}.Release|Any CPU.Build.0 = Release|Any CPU
	EndGlobalSection
	GlobalSection(SolutionProperties) = preSolution
		HideSolutionNode = FALSE
	EndGlobalSection
	GlobalSection(NestedProjects) = preSolution
		{E44C5AEE-DFC6-4C03-A480-E93102855CA5} = {545F4A82-3695-4923-BEF2-3D68F988BAF2}
		{5589D659-1EEF-421E-AFC9-09D449AD0407} = {545F4A82-3695-4923-BEF2-3D68F988BAF2}
		{1029A455-5441-45E2-A5F6-772B51059AEE} = {545F4A82-3695-4923-BEF2-3D68F988BAF2}
		{2B3C34B7-513F-4A2A-B23C-1119942A6C9D} = {06FD25FB-6339-4CD5-8067-94FC5106F5ED}
		{A76CF38D-210D-45D4-B546-66948EBE8ACA} = {06FD25FB-6339-4CD5-8067-94FC5106F5ED}
		{F10E6047-6783-4C7F-876D-2977E3867F02} = {06FD25FB-6339-4CD5-8067-94FC5106F5ED}
		{0131F061-3D98-45EB-8965-A9CF8ABFCA4F} = {423011DD-9D44-4488-ADC3-E98CC8CD1C9B}
		{52786D22-128F-4C48-BF0A-05272F990B8B} = {423011DD-9D44-4488-ADC3-E98CC8CD1C9B}
		{80F1855E-095E-4D93-B502-7084F19B031E} = {423011DD-9D44-4488-ADC3-E98CC8CD1C9B}
		{6784E163-C86E-4E67-ACC8-FA48835F8E76} = {DD9D574A-06A9-4126-88D3-A185D8CFD77E}
		{D5600C28-EC98-4D17-8DC9-80357020D7CF} = {DD9D574A-06A9-4126-88D3-A185D8CFD77E}
		{9B7B3F0D-7C68-4C52-A989-65584232D99E} = {DD9D574A-06A9-4126-88D3-A185D8CFD77E}
		{32F408EB-C785-420C-AF94-2BB861DB132B} = {61460E95-7C25-48E0-8873-3207B2C0BB2F}
		{628DE4F0-CD15-4BDE-871E-006A9ECCF09A} = {61460E95-7C25-48E0-8873-3207B2C0BB2F}
		{C37196D8-74A5-4E27-AF69-03DE7F03A73E} = {61460E95-7C25-48E0-8873-3207B2C0BB2F}
		{E4FFB80F-8915-4905-8342-431B18127A77} = {61A36320-3A8F-449A-AAC2-47D64D30278C}
		{74A2D0E1-0182-46AA-8677-CCB69528E0AB} = {61A36320-3A8F-449A-AAC2-47D64D30278C}
		{EAB05BCA-698D-4053-B6A8-641CFCB65E26} = {61A36320-3A8F-449A-AAC2-47D64D30278C}
		{3DE799C0-1F41-4B79-B680-AFCBE9A6A1A8} = {F11FF8DD-6603-4296-9146-5C20C7156D8D}
		{EAE4C0EC-205F-49CE-A284-97D54AB5EDCC} = {F11FF8DD-6603-4296-9146-5C20C7156D8D}
		{0B716A51-6596-455A-B5F9-53EF8F5C0B8B} = {F11FF8DD-6603-4296-9146-5C20C7156D8D}
		{53DD7A6F-D7E8-4943-A38C-AFD9B49CE910} = {F15952B8-4005-47A3-9AF8-78DEADA4FA0D}
		{A587968A-2EA3-4904-A2F8-B90C81BD23ED} = {F15952B8-4005-47A3-9AF8-78DEADA4FA0D}
		{0851B0FE-F2D9-4004-B018-279B19A4EE26} = {F15952B8-4005-47A3-9AF8-78DEADA4FA0D}
	EndGlobalSection
	GlobalSection(ExtensibilityGlobals) = postSolution
		SolutionGuid = {29A3A78E-9657-4B64-8E0A-F701B424F6A2}
	EndGlobalSection
EndGlobal
